
Microsoft Visual Studio Solution File, Format Version 12.00
# Visual Studio Version 16
VisualStudioVersion = 16.0.31321.278
MinimumVisualStudioVersion = 10.0.40219.1
Project("{9A19103F-16F7-4668-BE54-9A1E7A4F7556}") = "Cryptography", "Cryptography\Cryptography.csproj", "{D4710EFB-F07B-420C-89EE-063E0B9A5BB0}"
EndProject
Project("{FAE04EC0-301F-11D3-BF4B-00C04F79EFBC}") = "CryptographyUnitTest", "CryptographyUnitTest\CryptographyUnitTest.csproj", "{EA3959D9-4D22-41A0-8D90-01D223751BD1}"
EndProject
Global
	GlobalSection(SolutionConfigurationPlatforms) = preSolution
		Debug|Any CPU = Debug|Any CPU
		Release|Any CPU = Release|Any CPU
	EndGlobalSection
	GlobalSection(ProjectConfigurationPlatforms) = postSolution
		{D4710EFB-F07B-420C-89EE-063E0B9A5BB0}.Debug|Any CPU.ActiveCfg = Debug|Any CPU
		{D4710EFB-F07B-420C-89EE-063E0B9A5BB0}.Debug|Any CPU.Build.0 = Debug|Any CPU
		{D4710EFB-F07B-420C-89EE-063E0B9A5BB0}.Release|Any CPU.ActiveCfg = Release|Any CPU
		{D4710EFB-F07B-420C-89EE-063E0B9A5BB0}.Release|Any CPU.Build.0 = Release|Any CPU
		{EA3959D9-4D22-41A0-8D90-01D223751BD1}.Debug|Any CPU.ActiveCfg = Debug|Any CPU
		{EA3959D9-4D22-41A0-8D90-01D223751BD1}.Debug|Any CPU.Build.0 = Debug|Any CPU
		{EA3959D9-4D22-41A0-8D90-01D223751BD1}.Release|Any CPU.ActiveCfg = Release|Any CPU
		{EA3959D9-4D22-41A0-8D90-01D223751BD1}.Release|Any CPU.Build.0 = Release|Any CPU
	EndGlobalSection
	GlobalSection(SolutionProperties) = preSolution
		HideSolutionNode = FALSE
	EndGlobalSection
	GlobalSection(ExtensibilityGlobals) = postSolution
		SolutionGuid = {BA7B91F5-574D-4ACF-B1A4-C17BEB41C1FB}
	EndGlobalSection
EndGlobal
